
Microsoft Visual Studio Solution File, Format Version 12.00
# Visual Studio Version 17
VisualStudioVersion = 17.2.32519.379
MinimumVisualStudioVersion = 10.0.40219.1
Project("{2150E333-8FDC-42A3-9474-1A3956D46DE8}") = "Domain", "Domain", "{925D8B24-FBD0-444E-A93D-949B4D4B8EF7}"
EndProject
Project("{2150E333-8FDC-42A3-9474-1A3956D46DE8}") = "Microservices", "Microservices", "{8E421CD6-6793-4533-AE65-9632153984A8}"
EndProject
Project("{2150E333-8FDC-42A3-9474-1A3956D46DE8}") = "Presentation", "Presentation", "{D5E8288F-0F21-4045-9A04-AA3B18B8DD43}"
EndProject
Project("{2150E333-8FDC-42A3-9474-1A3956D46DE8}") = "Infra.Bus", "Infra.Bus", "{97AA8968-2DC0-43E8-BDAA-26A1A743C2A3}"
EndProject
Project("{2150E333-8FDC-42A3-9474-1A3956D46DE8}") = "Infra.IoC", "Infra.IoC", "{50F668D9-9229-44C3-B6E9-30ABC5AFEAF0}"
EndProject
Project("{9A19103F-16F7-4668-BE54-9A1E7A4F7556}") = "MicroRabbit.Domain.Core", "MicroRabbit.Domain.Core\MicroRabbit.Domain.Core.csproj", "{5EC4956D-0ADB-4722-B14E-10879B37FF9D}"
EndProject
Project("{9A19103F-16F7-4668-BE54-9A1E7A4F7556}") = "MicroRabbit.Infra.Bus", "MicroRabbit.Infra.Bus\MicroRabbit.Infra.Bus.csproj", "{F6576732-5376-497B-B24D-5946D710A649}"
EndProject
Project("{9A19103F-16F7-4668-BE54-9A1E7A4F7556}") = "MicroRabbit.Infra.IoC", "MicroRabbit.Infra.IoC\MicroRabbit.Infra.IoC.csproj", "{B5C625F5-7FE6-4AA5-B637-401E5AC5BDD2}"
EndProject
Project("{2150E333-8FDC-42A3-9474-1A3956D46DE8}") = "Banking", "Banking", "{C2D48413-1F61-4919-8D84-F83853419CB6}"
EndProject
Project("{2150E333-8FDC-42A3-9474-1A3956D46DE8}") = "Api", "Api", "{52C3D192-CF4E-4A56-A011-A47454DBAC84}"
EndProject
Project("{2150E333-8FDC-42A3-9474-1A3956D46DE8}") = "Domain", "Domain", "{7A2E7629-7772-4A8F-9F91-DD337B63DCC3}"
EndProject
Project("{2150E333-8FDC-42A3-9474-1A3956D46DE8}") = "Application", "Application", "{19B601A1-0D3E-4D93-BE54-849E6DF91866}"
EndProject
Project("{2150E333-8FDC-42A3-9474-1A3956D46DE8}") = "Data", "Data", "{FB3BC788-4B98-4953-9674-C70EB79BE52C}"
EndProject
Project("{FAE04EC0-301F-11D3-BF4B-00C04F79EFBC}") = "MicroRabbit.Banking.Api", "MicroRabbit.Banking.Api\MicroRabbit.Banking.Api.csproj", "{AF6D92C3-DDA8-4EB3-969F-0D6B69F4819E}"
EndProject
Project("{FAE04EC0-301F-11D3-BF4B-00C04F79EFBC}") = "MicroRabbit.Banking.Application", "MicroRabbit.Banking.Application\MicroRabbit.Banking.Application.csproj", "{AD006741-0046-4977-BB9E-1175B54DCAA0}"
EndProject
Project("{FAE04EC0-301F-11D3-BF4B-00C04F79EFBC}") = "MicroRabbit.Banking.Data", "MicroRabbit.Banking.Data\MicroRabbit.Banking.Data.csproj", "{E4C35F9C-1ABE-4013-A876-5397D79A0FEF}"
EndProject
Project("{FAE04EC0-301F-11D3-BF4B-00C04F79EFBC}") = "MicroRabbit.Banking.Domain", "MicroRabbit.Banking.Domain\MicroRabbit.Banking.Domain.csproj", "{250CD4CE-12FC-4EA8-B4C2-E0A34572429B}"
EndProject
Global
	GlobalSection(SolutionConfigurationPlatforms) = preSolution
		Debug|Any CPU = Debug|Any CPU
		Release|Any CPU = Release|Any CPU
	EndGlobalSection
	GlobalSection(ProjectConfigurationPlatforms) = postSolution
		{5EC4956D-0ADB-4722-B14E-10879B37FF9D}.Debug|Any CPU.ActiveCfg = Debug|Any CPU
		{5EC4956D-0ADB-4722-B14E-10879B37FF9D}.Debug|Any CPU.Build.0 = Debug|Any CPU
		{5EC4956D-0ADB-4722-B14E-10879B37FF9D}.Release|Any CPU.ActiveCfg = Release|Any CPU
		{5EC4956D-0ADB-4722-B14E-10879B37FF9D}.Release|Any CPU.Build.0 = Release|Any CPU
		{F6576732-5376-497B-B24D-5946D710A649}.Debug|Any CPU.ActiveCfg = Debug|Any CPU
		{F6576732-5376-497B-B24D-5946D710A649}.Debug|Any CPU.Build.0 = Debug|Any CPU
		{F6576732-5376-497B-B24D-5946D710A649}.Release|Any CPU.ActiveCfg = Release|Any CPU
		{F6576732-5376-497B-B24D-5946D710A649}.Release|Any CPU.Build.0 = Release|Any CPU
		{B5C625F5-7FE6-4AA5-B637-401E5AC5BDD2}.Debug|Any CPU.ActiveCfg = Debug|Any CPU
		{B5C625F5-7FE6-4AA5-B637-401E5AC5BDD2}.Debug|Any CPU.Build.0 = Debug|Any CPU
		{B5C625F5-7FE6-4AA5-B637-401E5AC5BDD2}.Release|Any CPU.ActiveCfg = Release|Any CPU
		{B5C625F5-7FE6-4AA5-B637-401E5AC5BDD2}.Release|Any CPU.Build.0 = Release|Any CPU
		{AF6D92C3-DDA8-4EB3-969F-0D6B69F4819E}.Debug|Any CPU.ActiveCfg = Debug|Any CPU
		{AF6D92C3-DDA8-4EB3-969F-0D6B69F4819E}.Debug|Any CPU.Build.0 = Debug|Any CPU
		{AF6D92C3-DDA8-4EB3-969F-0D6B69F4819E}.Release|Any CPU.ActiveCfg = Release|Any CPU
		{AF6D92C3-DDA8-4EB3-969F-0D6B69F4819E}.Release|Any CPU.Build.0 = Release|Any CPU
		{AD006741-0046-4977-BB9E-1175B54DCAA0}.Debug|Any CPU.ActiveCfg = Debug|Any CPU
		{AD006741-0046-4977-BB9E-1175B54DCAA0}.Debug|Any CPU.Build.0 = Debug|Any CPU
		{AD006741-0046-4977-BB9E-1175B54DCAA0}.Release|Any CPU.ActiveCfg = Release|Any CPU
		{AD006741-0046-4977-BB9E-1175B54DCAA0}.Release|Any CPU.Build.0 = Release|Any CPU
		{E4C35F9C-1ABE-4013-A876-5397D79A0FEF}.Debug|Any CPU.ActiveCfg = Debug|Any CPU
		{E4C35F9C-1ABE-4013-A876-5397D79A0FEF}.Debug|Any CPU.Build.0 = Debug|Any CPU
		{E4C35F9C-1ABE-4013-A876-5397D79A0FEF}.Release|Any CPU.ActiveCfg = Release|Any CPU
		{E4C35F9C-1ABE-4013-A876-5397D79A0FEF}.Release|Any CPU.Build.0 = Release|Any CPU
		{250CD4CE-12FC-4EA8-B4C2-E0A34572429B}.Debug|Any CPU.ActiveCfg = Debug|Any CPU
		{250CD4CE-12FC-4EA8-B4C2-E0A34572429B}.Debug|Any CPU.Build.0 = Debug|Any CPU
		{250CD4CE-12FC-4EA8-B4C2-E0A34572429B}.Release|Any CPU.ActiveCfg = Release|Any CPU
		{250CD4CE-12FC-4EA8-B4C2-E0A34572429B}.Release|Any CPU.Build.0 = Release|Any CPU
	EndGlobalSection
	GlobalSection(SolutionProperties) = preSolution
		HideSolutionNode = FALSE
	EndGlobalSection
	GlobalSection(NestedProjects) = preSolution
		{5EC4956D-0ADB-4722-B14E-10879B37FF9D} = {925D8B24-FBD0-444E-A93D-949B4D4B8EF7}
		{F6576732-5376-497B-B24D-5946D710A649} = {97AA8968-2DC0-43E8-BDAA-26A1A743C2A3}
		{B5C625F5-7FE6-4AA5-B637-401E5AC5BDD2} = {50F668D9-9229-44C3-B6E9-30ABC5AFEAF0}
		{C2D48413-1F61-4919-8D84-F83853419CB6} = {8E421CD6-6793-4533-AE65-9632153984A8}
		{52C3D192-CF4E-4A56-A011-A47454DBAC84} = {C2D48413-1F61-4919-8D84-F83853419CB6}
		{7A2E7629-7772-4A8F-9F91-DD337B63DCC3} = {C2D48413-1F61-4919-8D84-F83853419CB6}
		{19B601A1-0D3E-4D93-BE54-849E6DF91866} = {C2D48413-1F61-4919-8D84-F83853419CB6}
		{FB3BC788-4B98-4953-9674-C70EB79BE52C} = {C2D48413-1F61-4919-8D84-F83853419CB6}
		{AF6D92C3-DDA8-4EB3-969F-0D6B69F4819E} = {52C3D192-CF4E-4A56-A011-A47454DBAC84}
		{AD006741-0046-4977-BB9E-1175B54DCAA0} = {19B601A1-0D3E-4D93-BE54-849E6DF91866}
		{E4C35F9C-1ABE-4013-A876-5397D79A0FEF} = {FB3BC788-4B98-4953-9674-C70EB79BE52C}
		{250CD4CE-12FC-4EA8-B4C2-E0A34572429B} = {7A2E7629-7772-4A8F-9F91-DD337B63DCC3}
	EndGlobalSection
	GlobalSection(ExtensibilityGlobals) = postSolution
		SolutionGuid = {99BBA6AC-F588-49C3-98D2-52221473E187}
	EndGlobalSection
EndGlobal
